
Microsoft Visual Studio Solution File, Format Version 12.00
# Visual Studio 2013
VisualStudioVersion = 12.0.40629.0
MinimumVisualStudioVersion = 10.0.40219.1
Project("{FAE04EC0-301F-11D3-BF4B-00C04F79EFBC}") = "Web", "Web\Web.csproj", "{D955403A-4376-484A-8293-350BB5FF3141}"
EndProject
Project("{2150E333-8FDC-42A3-9474-1A3956D46DE8}") = "Dal", "Dal", "{23AE16B4-EEC6-49CD-A482-44D87D8C5EAD}"
EndProject
Project("{2150E333-8FDC-42A3-9474-1A3956D46DE8}") = "Bll", "Bll", "{507DAFE6-2EFD-43B0-9979-3BA4495CEC9D}"
EndProject
Project("{2150E333-8FDC-42A3-9474-1A3956D46DE8}") = "ModelDb", "ModelDb", "{423699B7-3B68-4D17-9ACA-4FECEC55AA98}"
EndProject
Project("{2150E333-8FDC-42A3-9474-1A3956D46DE8}") = "WebPr", "WebPr", "{AED8CCA3-AC97-4556-A891-E67EB36D8910}"
EndProject
Project("{FAE04EC0-301F-11D3-BF4B-00C04F79EFBC}") = "DalLayer", "DalLayer\DalLayer.csproj", "{7BABBCCF-AC21-4758-A8AF-C03D77D8069B}"
EndProject
Project("{FAE04EC0-301F-11D3-BF4B-00C04F79EFBC}") = "BllLayer", "BllLayer\BllLayer.csproj", "{651535A0-773F-4196-9B92-2A856DE11772}"
EndProject
Project("{FAE04EC0-301F-11D3-BF4B-00C04F79EFBC}") = "Dependency", "Dependency\Dependency.csproj", "{A057BF26-5BA6-4DCD-B950-912381B64926}"
EndProject
Project("{FAE04EC0-301F-11D3-BF4B-00C04F79EFBC}") = "Model", "Model\Model.csproj", "{EE868293-2DF1-4174-A5DE-0B7B304CA527}"
EndProject
Project("{FAE04EC0-301F-11D3-BF4B-00C04F79EFBC}") = "ViewModel", "ViewModel\ViewModel.csproj", "{FBBF5B8C-73AE-41C8-9E41-C02A1750F522}"
EndProject
Global
	GlobalSection(SolutionConfigurationPlatforms) = preSolution
		Debug|Any CPU = Debug|Any CPU
		Release|Any CPU = Release|Any CPU
	EndGlobalSection
	GlobalSection(ProjectConfigurationPlatforms) = postSolution
		{D955403A-4376-484A-8293-350BB5FF3141}.Debug|Any CPU.ActiveCfg = Debug|Any CPU
		{D955403A-4376-484A-8293-350BB5FF3141}.Debug|Any CPU.Build.0 = Debug|Any CPU
		{D955403A-4376-484A-8293-350BB5FF3141}.Release|Any CPU.ActiveCfg = Release|Any CPU
		{D955403A-4376-484A-8293-350BB5FF3141}.Release|Any CPU.Build.0 = Release|Any CPU
		{7BABBCCF-AC21-4758-A8AF-C03D77D8069B}.Debug|Any CPU.ActiveCfg = Debug|Any CPU
		{7BABBCCF-AC21-4758-A8AF-C03D77D8069B}.Debug|Any CPU.Build.0 = Debug|Any CPU
		{7BABBCCF-AC21-4758-A8AF-C03D77D8069B}.Release|Any CPU.ActiveCfg = Release|Any CPU
		{7BABBCCF-AC21-4758-A8AF-C03D77D8069B}.Release|Any CPU.Build.0 = Release|Any CPU
		{651535A0-773F-4196-9B92-2A856DE11772}.Debug|Any CPU.ActiveCfg = Debug|Any CPU
		{651535A0-773F-4196-9B92-2A856DE11772}.Debug|Any CPU.Build.0 = Debug|Any CPU
		{651535A0-773F-4196-9B92-2A856DE11772}.Release|Any CPU.ActiveCfg = Release|Any CPU
		{651535A0-773F-4196-9B92-2A856DE11772}.Release|Any CPU.Build.0 = Release|Any CPU
		{A057BF26-5BA6-4DCD-B950-912381B64926}.Debug|Any CPU.ActiveCfg = Debug|Any CPU
		{A057BF26-5BA6-4DCD-B950-912381B64926}.Debug|Any CPU.Build.0 = Debug|Any CPU
		{A057BF26-5BA6-4DCD-B950-912381B64926}.Release|Any CPU.ActiveCfg = Release|Any CPU
		{A057BF26-5BA6-4DCD-B950-912381B64926}.Release|Any CPU.Build.0 = Release|Any CPU
		{EE868293-2DF1-4174-A5DE-0B7B304CA527}.Debug|Any CPU.ActiveCfg = Debug|Any CPU
		{EE868293-2DF1-4174-A5DE-0B7B304CA527}.Debug|Any CPU.Build.0 = Debug|Any CPU
		{EE868293-2DF1-4174-A5DE-0B7B304CA527}.Release|Any CPU.ActiveCfg = Release|Any CPU
		{EE868293-2DF1-4174-A5DE-0B7B304CA527}.Release|Any CPU.Build.0 = Release|Any CPU
		{FBBF5B8C-73AE-41C8-9E41-C02A1750F522}.Debug|Any CPU.ActiveCfg = Debug|Any CPU
		{FBBF5B8C-73AE-41C8-9E41-C02A1750F522}.Debug|Any CPU.Build.0 = Debug|Any CPU
		{FBBF5B8C-73AE-41C8-9E41-C02A1750F522}.Release|Any CPU.ActiveCfg = Release|Any CPU
		{FBBF5B8C-73AE-41C8-9E41-C02A1750F522}.Release|Any CPU.Build.0 = Release|Any CPU
	EndGlobalSection
	GlobalSection(SolutionProperties) = preSolution
		HideSolutionNode = FALSE
	EndGlobalSection
	GlobalSection(NestedProjects) = preSolution
		{D955403A-4376-484A-8293-350BB5FF3141} = {AED8CCA3-AC97-4556-A891-E67EB36D8910}
		{7BABBCCF-AC21-4758-A8AF-C03D77D8069B} = {23AE16B4-EEC6-49CD-A482-44D87D8C5EAD}
		{651535A0-773F-4196-9B92-2A856DE11772} = {507DAFE6-2EFD-43B0-9979-3BA4495CEC9D}
		{A057BF26-5BA6-4DCD-B950-912381B64926} = {507DAFE6-2EFD-43B0-9979-3BA4495CEC9D}
		{EE868293-2DF1-4174-A5DE-0B7B304CA527} = {423699B7-3B68-4D17-9ACA-4FECEC55AA98}
		{FBBF5B8C-73AE-41C8-9E41-C02A1750F522} = {423699B7-3B68-4D17-9ACA-4FECEC55AA98}
	EndGlobalSection
EndGlobal
